
Microsoft Visual Studio Solution File, Format Version 12.00
# Visual Studio 15
VisualStudioVersion = 15.0.27004.2005
MinimumVisualStudioVersion = 10.0.40219.1
Project("{FAE04EC0-301F-11D3-BF4B-00C04F79EFBC}") = "RestaurantRater", "RestaurantRater\RestaurantRater.csproj", "{47423635-03FC-4A2F-AEC2-5FE9AC4C85EA}"
EndProject
Global
	GlobalSection(SolutionConfigurationPlatforms) = preSolution
		Debug|Any CPU = Debug|Any CPU
		Release|Any CPU = Release|Any CPU
	EndGlobalSection
	GlobalSection(ProjectConfigurationPlatforms) = postSolution
		{47423635-03FC-4A2F-AEC2-5FE9AC4C85EA}.Debug|Any CPU.ActiveCfg = Debug|Any CPU
		{47423635-03FC-4A2F-AEC2-5FE9AC4C85EA}.Debug|Any CPU.Build.0 = Debug|Any CPU
		{47423635-03FC-4A2F-AEC2-5FE9AC4C85EA}.Release|Any CPU.ActiveCfg = Release|Any CPU
		{47423635-03FC-4A2F-AEC2-5FE9AC4C85EA}.Release|Any CPU.Build.0 = Release|Any CPU
	EndGlobalSection
	GlobalSection(SolutionProperties) = preSolution
		HideSolutionNode = FALSE
	EndGlobalSection
	GlobalSection(ExtensibilityGlobals) = postSolution
		SolutionGuid = {B5567045-602D-4624-92C7-E4C781C2F9EE}
	EndGlobalSection
EndGlobal
